
Microsoft Visual Studio Solution File, Format Version 12.00
# Visual Studio Version 17
VisualStudioVersion = 17.8.34511.84
MinimumVisualStudioVersion = 10.0.40219.1
Project("{9A19103F-16F7-4668-BE54-9A1E7A4F7556}") = "OutboxPattern", "OutboxPattern.csproj", "{10676050-55DA-4BD6-AC90-22DDBC35EFC0}"
EndProject
Global
	GlobalSection(SolutionConfigurationPlatforms) = preSolution
		Debug|Any CPU = Debug|Any CPU
		Release|Any CPU = Release|Any CPU
	EndGlobalSection
	GlobalSection(ProjectConfigurationPlatforms) = postSolution
		{10676050-55DA-4BD6-AC90-22DDBC35EFC0}.Debug|Any CPU.ActiveCfg = Debug|Any CPU
		{10676050-55DA-4BD6-AC90-22DDBC35EFC0}.Debug|Any CPU.Build.0 = Debug|Any CPU
		{10676050-55DA-4BD6-AC90-22DDBC35EFC0}.Release|Any CPU.ActiveCfg = Release|Any CPU
		{10676050-55DA-4BD6-AC90-22DDBC35EFC0}.Release|Any CPU.Build.0 = Release|Any CPU
	EndGlobalSection
	GlobalSection(SolutionProperties) = preSolution
		HideSolutionNode = FALSE
	EndGlobalSection
	GlobalSection(ExtensibilityGlobals) = postSolution
		SolutionGuid = {299AFFB0-D606-4B2A-A246-46A3CCD1CABE}
	EndGlobalSection
EndGlobal
